
Microsoft Visual Studio Solution File, Format Version 12.00
# Visual Studio Version 17
VisualStudioVersion = 17.9.34902.65
MinimumVisualStudioVersion = 10.0.40219.1
Project("{FAE04EC0-301F-11D3-BF4B-00C04F79EFBC}") = "BreadQuest2D", "BreadQuest2D\BreadQuest2D.csproj", "{9794E48A-573E-4945-9E72-CB7FA2C1FDE4}"
EndProject
Global
	GlobalSection(SolutionConfigurationPlatforms) = preSolution
		Debug|Any CPU = Debug|Any CPU
		Release|Any CPU = Release|Any CPU
	EndGlobalSection
	GlobalSection(ProjectConfigurationPlatforms) = postSolution
		{9794E48A-573E-4945-9E72-CB7FA2C1FDE4}.Debug|Any CPU.ActiveCfg = Debug|Any CPU
		{9794E48A-573E-4945-9E72-CB7FA2C1FDE4}.Debug|Any CPU.Build.0 = Debug|Any CPU
		{9794E48A-573E-4945-9E72-CB7FA2C1FDE4}.Release|Any CPU.ActiveCfg = Release|Any CPU
		{9794E48A-573E-4945-9E72-CB7FA2C1FDE4}.Release|Any CPU.Build.0 = Release|Any CPU
	EndGlobalSection
	GlobalSection(SolutionProperties) = preSolution
		HideSolutionNode = FALSE
	EndGlobalSection
	GlobalSection(ExtensibilityGlobals) = postSolution
		SolutionGuid = {2D9B5ABE-FE5F-41E7-AC9A-E2FEF75C9034}
	EndGlobalSection
EndGlobal
